
Microsoft Visual Studio Solution File, Format Version 12.00
Project("{FAE04EC0-301F-11D3-BF4B-00C04F79EFBC}") = "InternshipProject", "InternshipProject\InternshipProject.csproj", "{FA7DADA9-F701-4DD1-89B1-D55AFC8302F5}"
EndProject
Global
	GlobalSection(SolutionConfigurationPlatforms) = preSolution
		Debug|Any CPU = Debug|Any CPU
		Release|Any CPU = Release|Any CPU
	EndGlobalSection
	GlobalSection(ProjectConfigurationPlatforms) = postSolution
		{FA7DADA9-F701-4DD1-89B1-D55AFC8302F5}.Debug|Any CPU.ActiveCfg = Debug|Any CPU
		{FA7DADA9-F701-4DD1-89B1-D55AFC8302F5}.Debug|Any CPU.Build.0 = Debug|Any CPU
		{FA7DADA9-F701-4DD1-89B1-D55AFC8302F5}.Release|Any CPU.ActiveCfg = Release|Any CPU
		{FA7DADA9-F701-4DD1-89B1-D55AFC8302F5}.Release|Any CPU.Build.0 = Release|Any CPU
	EndGlobalSection
EndGlobal
